
Microsoft Visual Studio Solution File, Format Version 12.00
# Visual Studio Version 16
VisualStudioVersion = 16.0.29318.209
MinimumVisualStudioVersion = 10.0.40219.1
Project("{FAE04EC0-301F-11D3-BF4B-00C04F79EFBC}") = "PokemonList.Android", "PokemonList\PokemonList.Android\PokemonList.Android.csproj", "{9675ABF3-8817-43B6-9678-39B08D69B244}"
EndProject
Project("{FAE04EC0-301F-11D3-BF4B-00C04F79EFBC}") = "PokemonList", "PokemonList\PokemonList\PokemonList.csproj", "{433CB26C-5D0F-439E-AF1B-D088B0BC7B57}"
EndProject
Global
	GlobalSection(SolutionConfigurationPlatforms) = preSolution
		Debug|Any CPU = Debug|Any CPU
		Release|Any CPU = Release|Any CPU
	EndGlobalSection
	GlobalSection(ProjectConfigurationPlatforms) = postSolution
		{9675ABF3-8817-43B6-9678-39B08D69B244}.Debug|Any CPU.ActiveCfg = Debug|Any CPU
		{9675ABF3-8817-43B6-9678-39B08D69B244}.Debug|Any CPU.Build.0 = Debug|Any CPU
		{9675ABF3-8817-43B6-9678-39B08D69B244}.Debug|Any CPU.Deploy.0 = Debug|Any CPU
		{9675ABF3-8817-43B6-9678-39B08D69B244}.Release|Any CPU.ActiveCfg = Release|Any CPU
		{9675ABF3-8817-43B6-9678-39B08D69B244}.Release|Any CPU.Build.0 = Release|Any CPU
		{9675ABF3-8817-43B6-9678-39B08D69B244}.Release|Any CPU.Deploy.0 = Release|Any CPU
		{433CB26C-5D0F-439E-AF1B-D088B0BC7B57}.Debug|Any CPU.ActiveCfg = Debug|Any CPU
		{433CB26C-5D0F-439E-AF1B-D088B0BC7B57}.Debug|Any CPU.Build.0 = Debug|Any CPU
		{433CB26C-5D0F-439E-AF1B-D088B0BC7B57}.Debug|Any CPU.Deploy.0 = Debug|Any CPU
		{433CB26C-5D0F-439E-AF1B-D088B0BC7B57}.Release|Any CPU.ActiveCfg = Release|Any CPU
		{433CB26C-5D0F-439E-AF1B-D088B0BC7B57}.Release|Any CPU.Build.0 = Release|Any CPU
		{433CB26C-5D0F-439E-AF1B-D088B0BC7B57}.Release|Any CPU.Deploy.0 = Release|Any CPU
	EndGlobalSection
	GlobalSection(SolutionProperties) = preSolution
		HideSolutionNode = FALSE
	EndGlobalSection
	GlobalSection(ExtensibilityGlobals) = postSolution
		SolutionGuid = {9212F82D-EC2E-4084-A648-6D4EE3D5CF9A}
	EndGlobalSection
EndGlobal
